
Microsoft Visual Studio Solution File, Format Version 12.00
# Visual Studio 15
VisualStudioVersion = 15.0.28307.136
MinimumVisualStudioVersion = 10.0.40219.1
Project("{262852C6-CD72-467D-83FE-5EEB1973A190}") = "App", "App\App.jsproj", "{D4CB2F87-8960-438D-8391-6C1842D0DE9D}"
EndProject
Global
	GlobalSection(SolutionConfigurationPlatforms) = preSolution
		Debug|Android = Debug|Android
		Debug|iOS = Debug|iOS
		Debug|Windows-ARM = Debug|Windows-ARM
		Debug|Windows-x64 = Debug|Windows-x64
		Debug|Windows-x86 = Debug|Windows-x86
		Release|Android = Release|Android
		Release|iOS = Release|iOS
		Release|Windows-ARM = Release|Windows-ARM
		Release|Windows-x64 = Release|Windows-x64
		Release|Windows-x86 = Release|Windows-x86
	EndGlobalSection
	GlobalSection(ProjectConfigurationPlatforms) = postSolution
		{D4CB2F87-8960-438D-8391-6C1842D0DE9D}.Debug|Android.ActiveCfg = Debug|Android
		{D4CB2F87-8960-438D-8391-6C1842D0DE9D}.Debug|Android.Build.0 = Debug|Android
		{D4CB2F87-8960-438D-8391-6C1842D0DE9D}.Debug|Android.Deploy.0 = Debug|Android
		{D4CB2F87-8960-438D-8391-6C1842D0DE9D}.Debug|iOS.ActiveCfg = Debug|iOS
		{D4CB2F87-8960-438D-8391-6C1842D0DE9D}.Debug|iOS.Build.0 = Debug|iOS
		{D4CB2F87-8960-438D-8391-6C1842D0DE9D}.Debug|iOS.Deploy.0 = Debug|iOS
		{D4CB2F87-8960-438D-8391-6C1842D0DE9D}.Debug|Windows-ARM.ActiveCfg = Debug|Windows-ARM
		{D4CB2F87-8960-438D-8391-6C1842D0DE9D}.Debug|Windows-ARM.Build.0 = Debug|Windows-ARM
		{D4CB2F87-8960-438D-8391-6C1842D0DE9D}.Debug|Windows-ARM.Deploy.0 = Debug|Windows-ARM
		{D4CB2F87-8960-438D-8391-6C1842D0DE9D}.Debug|Windows-x64.ActiveCfg = Debug|Windows-x64
		{D4CB2F87-8960-438D-8391-6C1842D0DE9D}.Debug|Windows-x64.Build.0 = Debug|Windows-x64
		{D4CB2F87-8960-438D-8391-6C1842D0DE9D}.Debug|Windows-x64.Deploy.0 = Debug|Windows-x64
		{D4CB2F87-8960-438D-8391-6C1842D0DE9D}.Debug|Windows-x86.ActiveCfg = Debug|Windows-x86
		{D4CB2F87-8960-438D-8391-6C1842D0DE9D}.Debug|Windows-x86.Build.0 = Debug|Windows-x86
		{D4CB2F87-8960-438D-8391-6C1842D0DE9D}.Debug|Windows-x86.Deploy.0 = Debug|Windows-x86
		{D4CB2F87-8960-438D-8391-6C1842D0DE9D}.Release|Android.ActiveCfg = Release|Android
		{D4CB2F87-8960-438D-8391-6C1842D0DE9D}.Release|Android.Build.0 = Release|Android
		{D4CB2F87-8960-438D-8391-6C1842D0DE9D}.Release|Android.Deploy.0 = Release|Android
		{D4CB2F87-8960-438D-8391-6C1842D0DE9D}.Release|iOS.ActiveCfg = Release|iOS
		{D4CB2F87-8960-438D-8391-6C1842D0DE9D}.Release|iOS.Build.0 = Release|iOS
		{D4CB2F87-8960-438D-8391-6C1842D0DE9D}.Release|iOS.Deploy.0 = Release|iOS
		{D4CB2F87-8960-438D-8391-6C1842D0DE9D}.Release|Windows-ARM.ActiveCfg = Release|Windows-ARM
		{D4CB2F87-8960-438D-8391-6C1842D0DE9D}.Release|Windows-ARM.Build.0 = Release|Windows-ARM
		{D4CB2F87-8960-438D-8391-6C1842D0DE9D}.Release|Windows-ARM.Deploy.0 = Release|Windows-ARM
		{D4CB2F87-8960-438D-8391-6C1842D0DE9D}.Release|Windows-x64.ActiveCfg = Release|Windows-x64
		{D4CB2F87-8960-438D-8391-6C1842D0DE9D}.Release|Windows-x64.Build.0 = Release|Windows-x64
		{D4CB2F87-8960-438D-8391-6C1842D0DE9D}.Release|Windows-x64.Deploy.0 = Release|Windows-x64
		{D4CB2F87-8960-438D-8391-6C1842D0DE9D}.Release|Windows-x86.ActiveCfg = Release|Windows-x86
		{D4CB2F87-8960-438D-8391-6C1842D0DE9D}.Release|Windows-x86.Build.0 = Release|Windows-x86
		{D4CB2F87-8960-438D-8391-6C1842D0DE9D}.Release|Windows-x86.Deploy.0 = Release|Windows-x86
	EndGlobalSection
	GlobalSection(SolutionProperties) = preSolution
		HideSolutionNode = FALSE
	EndGlobalSection
	GlobalSection(ExtensibilityGlobals) = postSolution
		SolutionGuid = {DBECB4CE-330C-42EA-B878-351845375A75}
	EndGlobalSection
EndGlobal
